
Microsoft Visual Studio Solution File, Format Version 12.00
# Visual Studio Version 17
VisualStudioVersion = 17.12.35707.178 d17.12
MinimumVisualStudioVersion = 10.0.40219.1
Project("{FAE04EC0-301F-11D3-BF4B-00C04F79EFBC}") = "KutuphaneSinav2025", "KutuphaneSinav2025\KutuphaneSinav2025.csproj", "{6A00BFC1-98D2-4D25-B07F-F4772E98017E}"
EndProject
Global
	GlobalSection(SolutionConfigurationPlatforms) = preSolution
		Debug|Any CPU = Debug|Any CPU
		Release|Any CPU = Release|Any CPU
	EndGlobalSection
	GlobalSection(ProjectConfigurationPlatforms) = postSolution
		{6A00BFC1-98D2-4D25-B07F-F4772E98017E}.Debug|Any CPU.ActiveCfg = Debug|Any CPU
		{6A00BFC1-98D2-4D25-B07F-F4772E98017E}.Debug|Any CPU.Build.0 = Debug|Any CPU
		{6A00BFC1-98D2-4D25-B07F-F4772E98017E}.Release|Any CPU.ActiveCfg = Release|Any CPU
		{6A00BFC1-98D2-4D25-B07F-F4772E98017E}.Release|Any CPU.Build.0 = Release|Any CPU
	EndGlobalSection
	GlobalSection(SolutionProperties) = preSolution
		HideSolutionNode = FALSE
	EndGlobalSection
EndGlobal
